{
  "projects": [
    {
      "projectId": "7CKZhD2BVpe8oYNyjz4EUo",
      "version": "latest",
      "dependencies": {},
      "lang": "ts",
      "fileLocks": [
        {
          "type": "globalVariant",
          "assetId": "tId95ECdAsJK",
          "checksum": "3e5bc00b4906dd3d5285b2e6d8c26ce9"
        },
        {
          "type": "renderModule",
          "assetId": "bnO-AW974wUz",
          "checksum": "b09bd5bb143a8d1e3ac5e31e0fb12ec2"
        },
        {
          "type": "cssRules",
          "assetId": "bnO-AW974wUz",
          "checksum": "b09bd5bb143a8d1e3ac5e31e0fb12ec2"
        },
        {
          "type": "renderModule",
          "assetId": "4sUtTUrWnT",
          "checksum": "4c950d391e0bf7177b7d4cecf22a51b0"
        },
        {
          "type": "cssRules",
          "assetId": "4sUtTUrWnT",
          "checksum": "4c950d391e0bf7177b7d4cecf22a51b0"
        },
        {
          "type": "renderModule",
          "assetId": "ntX9agb1NR",
          "checksum": "0f38e9d66bfe453b01ea9956e95a5bd6"
        },
        {
          "type": "cssRules",
          "assetId": "ntX9agb1NR",
          "checksum": "0f38e9d66bfe453b01ea9956e95a5bd6"
        },
        {
          "type": "renderModule",
          "assetId": "8ig3uWjRld",
          "checksum": "abac2234ce5c0acfeaf60b74faa8eb63"
        },
        {
          "type": "cssRules",
          "assetId": "8ig3uWjRld",
          "checksum": "abac2234ce5c0acfeaf60b74faa8eb63"
        },
        {
          "type": "renderModule",
          "assetId": "sdZdmGowFd",
          "checksum": "78db6ff6e863c54d92ee2e1cd17847e4"
        },
        {
          "type": "cssRules",
          "assetId": "sdZdmGowFd",
          "checksum": "78db6ff6e863c54d92ee2e1cd17847e4"
        },
        {
          "type": "renderModule",
          "assetId": "JHk19r9QqJ",
          "checksum": "f8276619ef59a194a18c040f2e289818"
        },
        {
          "type": "cssRules",
          "assetId": "JHk19r9QqJ",
          "checksum": "f8276619ef59a194a18c040f2e289818"
        },
        {
          "type": "renderModule",
          "assetId": "4Bd4Yhsd_bl",
          "checksum": "a93ff445c5a5426c61dd78f36e39a0f2"
        },
        {
          "type": "cssRules",
          "assetId": "4Bd4Yhsd_bl",
          "checksum": "a93ff445c5a5426c61dd78f36e39a0f2"
        },
        {
          "type": "renderModule",
          "assetId": "CYSztTUGQI",
          "checksum": "a98e89b9c887c60da27cc6c453b9e99f"
        },
        {
          "type": "cssRules",
          "assetId": "CYSztTUGQI",
          "checksum": "a98e89b9c887c60da27cc6c453b9e99f"
        },
        {
          "type": "renderModule",
          "assetId": "vVq_ENM8si",
          "checksum": "0660d85f7c96023a094aff26b0af8c10"
        },
        {
          "type": "cssRules",
          "assetId": "vVq_ENM8si",
          "checksum": "0660d85f7c96023a094aff26b0af8c10"
        },
        {
          "type": "renderModule",
          "assetId": "TR24vsJktu",
          "checksum": "822150b755d64abd667e234ddc29f99a"
        },
        {
          "type": "cssRules",
          "assetId": "TR24vsJktu",
          "checksum": "822150b755d64abd667e234ddc29f99a"
        },
        {
          "type": "renderModule",
          "assetId": "tl3mxo0fWy",
          "checksum": "c3b6287bce30ca7bac72d70981b64313"
        },
        {
          "type": "cssRules",
          "assetId": "tl3mxo0fWy",
          "checksum": "c3b6287bce30ca7bac72d70981b64313"
        },
        {
          "assetId": "7CKZhD2BVpe8oYNyjz4EUo",
          "type": "projectCss",
          "checksum": "8004d139bc03b6c85e1025c5275b95b4"
        }
      ]
    }
  ],
  "cliVersion": "0.1.157"
}
